
Microsoft Visual Studio Solution File, Format Version 12.00
# Visual Studio Version 17
VisualStudioVersion = 17.0.32014.148
MinimumVisualStudioVersion = 10.0.40219.1
Project("{9A19103F-16F7-4668-BE54-9A1E7A4F7556}") = "Dfe.Academies.External.Web", "Dfe.Academies.External.Web\Dfe.Academies.External.Web.csproj", "{2C23CD74-7800-4C59-AE53-65B42F1ED926}"
EndProject
Project("{9A19103F-16F7-4668-BE54-9A1E7A4F7556}") = "Dfe.Academies.External.Web.UnitTest", "Dfe.Academies.External.Web.UnitTest\Dfe.Academies.External.Web.UnitTest.csproj", "{4F6A5D74-28CF-4D05-B0BF-B5F869DDED66}"
EndProject
Project("{9A19103F-16F7-4668-BE54-9A1E7A4F7556}") = "Dfe.Academies.External.Integration.Tests", "Dfe.Academies.External.Integration.Tests\Dfe.Academies.External.Integration.Tests.csproj", "{94B8EE63-EB71-480F-B64D-30B1F35AE471}"
EndProject
Project("{FAE04EC0-301F-11D3-BF4B-00C04F79EFBC}") = "Dfe.Academies.External.Shared.Tests", "Dfe.Academies.External.Shared.Tests\Dfe.Academies.External.Shared.Tests.csproj", "{9B257905-9DC8-4BA2-9B7F-ADAEFBA4C265}"
EndProject
Global
	GlobalSection(SolutionConfigurationPlatforms) = preSolution
		Debug|Any CPU = Debug|Any CPU
		Release|Any CPU = Release|Any CPU
	EndGlobalSection
	GlobalSection(ProjectConfigurationPlatforms) = postSolution
		{2C23CD74-7800-4C59-AE53-65B42F1ED926}.Debug|Any CPU.ActiveCfg = Debug|Any CPU
		{2C23CD74-7800-4C59-AE53-65B42F1ED926}.Debug|Any CPU.Build.0 = Debug|Any CPU
		{2C23CD74-7800-4C59-AE53-65B42F1ED926}.Release|Any CPU.ActiveCfg = Release|Any CPU
		{2C23CD74-7800-4C59-AE53-65B42F1ED926}.Release|Any CPU.Build.0 = Release|Any CPU
		{4F6A5D74-28CF-4D05-B0BF-B5F869DDED66}.Debug|Any CPU.ActiveCfg = Debug|Any CPU
		{4F6A5D74-28CF-4D05-B0BF-B5F869DDED66}.Debug|Any CPU.Build.0 = Debug|Any CPU
		{4F6A5D74-28CF-4D05-B0BF-B5F869DDED66}.Release|Any CPU.ActiveCfg = Release|Any CPU
		{4F6A5D74-28CF-4D05-B0BF-B5F869DDED66}.Release|Any CPU.Build.0 = Release|Any CPU
		{94B8EE63-EB71-480F-B64D-30B1F35AE471}.Debug|Any CPU.ActiveCfg = Debug|Any CPU
		{94B8EE63-EB71-480F-B64D-30B1F35AE471}.Debug|Any CPU.Build.0 = Debug|Any CPU
		{94B8EE63-EB71-480F-B64D-30B1F35AE471}.Release|Any CPU.ActiveCfg = Release|Any CPU
		{94B8EE63-EB71-480F-B64D-30B1F35AE471}.Release|Any CPU.Build.0 = Release|Any CPU
		{9B257905-9DC8-4BA2-9B7F-ADAEFBA4C265}.Debug|Any CPU.ActiveCfg = Debug|Any CPU
		{9B257905-9DC8-4BA2-9B7F-ADAEFBA4C265}.Debug|Any CPU.Build.0 = Debug|Any CPU
		{9B257905-9DC8-4BA2-9B7F-ADAEFBA4C265}.Release|Any CPU.ActiveCfg = Release|Any CPU
		{9B257905-9DC8-4BA2-9B7F-ADAEFBA4C265}.Release|Any CPU.Build.0 = Release|Any CPU
	EndGlobalSection
	GlobalSection(SolutionProperties) = preSolution
		HideSolutionNode = FALSE
	EndGlobalSection
	GlobalSection(ExtensibilityGlobals) = postSolution
		SolutionGuid = {E7EBB30B-0812-4BB4-BAF1-4351ED627BF0}
	EndGlobalSection
EndGlobal
