{
  "name": "wwwroot",
  "lockfileVersion": 3,
  "requires": true,
  "packages": {
    "": {
      "dependencies": {
        "govuk-frontend": "^5.10.0"
      }
    },
    "node_modules/govuk-frontend": {
      "version": "5.10.0",
      "resolved": "https://registry.npmjs.org/govuk-frontend/-/govuk-frontend-5.10.0.tgz",
      "integrity": "sha512-9tjpB8PDwsDqutkQPJXfDalLvNOeKxzFhV7me21s/oyn7HcTg/ei/GC3Y4JvNsXauzjOkxv4eeCHntKeySkdMg==",
      "license": "MIT",
      "engines": {
        "node": ">= 4.2.0"
      }
    }
  }
}
